
Microsoft Visual Studio Solution File, Format Version 12.00
# Visual Studio Version 17
VisualStudioVersion = 17.9.34728.123
MinimumVisualStudioVersion = 10.0.40219.1
Project("{FAE04EC0-301F-11D3-BF4B-00C04F79EFBC}") = "exer 8", "exer 8.csproj", "{ADB18563-13ED-474D-9D4E-A8F2B7065418}"
EndProject
Global
	GlobalSection(SolutionConfigurationPlatforms) = preSolution
		Debug|Any CPU = Debug|Any CPU
		Release|Any CPU = Release|Any CPU
	EndGlobalSection
	GlobalSection(ProjectConfigurationPlatforms) = postSolution
		{ADB18563-13ED-474D-9D4E-A8F2B7065418}.Debug|Any CPU.ActiveCfg = Debug|Any CPU
		{ADB18563-13ED-474D-9D4E-A8F2B7065418}.Debug|Any CPU.Build.0 = Debug|Any CPU
		{ADB18563-13ED-474D-9D4E-A8F2B7065418}.Release|Any CPU.ActiveCfg = Release|Any CPU
		{ADB18563-13ED-474D-9D4E-A8F2B7065418}.Release|Any CPU.Build.0 = Release|Any CPU
	EndGlobalSection
	GlobalSection(SolutionProperties) = preSolution
		HideSolutionNode = FALSE
	EndGlobalSection
	GlobalSection(ExtensibilityGlobals) = postSolution
		SolutionGuid = {06356CB9-978C-4F92-9464-FED59C40AAE4}
	EndGlobalSection
EndGlobal
