
Microsoft Visual Studio Solution File, Format Version 12.00
# Visual Studio Version 17
VisualStudioVersion = 17.9.34728.123
MinimumVisualStudioVersion = 10.0.40219.1
Project("{FAE04EC0-301F-11D3-BF4B-00C04F79EFBC}") = "exer 4", "exer 4.csproj", "{7C4EEE6F-2921-4153-8BF2-3E7DCEF93BD2}"
EndProject
Global
	GlobalSection(SolutionConfigurationPlatforms) = preSolution
		Debug|Any CPU = Debug|Any CPU
		Release|Any CPU = Release|Any CPU
	EndGlobalSection
	GlobalSection(ProjectConfigurationPlatforms) = postSolution
		{7C4EEE6F-2921-4153-8BF2-3E7DCEF93BD2}.Debug|Any CPU.ActiveCfg = Debug|Any CPU
		{7C4EEE6F-2921-4153-8BF2-3E7DCEF93BD2}.Debug|Any CPU.Build.0 = Debug|Any CPU
		{7C4EEE6F-2921-4153-8BF2-3E7DCEF93BD2}.Release|Any CPU.ActiveCfg = Release|Any CPU
		{7C4EEE6F-2921-4153-8BF2-3E7DCEF93BD2}.Release|Any CPU.Build.0 = Release|Any CPU
	EndGlobalSection
	GlobalSection(SolutionProperties) = preSolution
		HideSolutionNode = FALSE
	EndGlobalSection
	GlobalSection(ExtensibilityGlobals) = postSolution
		SolutionGuid = {923817AB-1979-456B-A770-23912AB419BC}
	EndGlobalSection
EndGlobal
