
Microsoft Visual Studio Solution File, Format Version 12.00
# Visual Studio Version 17
VisualStudioVersion = 17.9.34728.123
MinimumVisualStudioVersion = 10.0.40219.1
Project("{FAE04EC0-301F-11D3-BF4B-00C04F79EFBC}") = "exer 3", "exer 3.csproj", "{957B9057-FB55-47DE-AB72-821747EDA671}"
EndProject
Global
	GlobalSection(SolutionConfigurationPlatforms) = preSolution
		Debug|Any CPU = Debug|Any CPU
		Release|Any CPU = Release|Any CPU
	EndGlobalSection
	GlobalSection(ProjectConfigurationPlatforms) = postSolution
		{957B9057-FB55-47DE-AB72-821747EDA671}.Debug|Any CPU.ActiveCfg = Debug|Any CPU
		{957B9057-FB55-47DE-AB72-821747EDA671}.Debug|Any CPU.Build.0 = Debug|Any CPU
		{957B9057-FB55-47DE-AB72-821747EDA671}.Release|Any CPU.ActiveCfg = Release|Any CPU
		{957B9057-FB55-47DE-AB72-821747EDA671}.Release|Any CPU.Build.0 = Release|Any CPU
	EndGlobalSection
	GlobalSection(SolutionProperties) = preSolution
		HideSolutionNode = FALSE
	EndGlobalSection
	GlobalSection(ExtensibilityGlobals) = postSolution
		SolutionGuid = {D9942C1A-12B8-4306-8953-AE436A6E4AD9}
	EndGlobalSection
EndGlobal
